
Microsoft Visual Studio Solution File, Format Version 10.00
# Visual Studio 2008
Project("{FAE04EC0-301F-11D3-BF4B-00C04F79EFBC}") = "Pansoft.QueueWinService", "Pansoft.QueueWinService\Pansoft.QueueWinService.csproj", "{CD374FAE-E0FD-46A3-A1B6-8E72261D4E8A}"
EndProject
Project("{FAE04EC0-301F-11D3-BF4B-00C04F79EFBC}") = "Pansoft.QueueWinService.Demo", "Pansoft.QueueWinService.Demo\Pansoft.QueueWinService.Demo.csproj", "{2B8F5F9F-9F37-47B8-8ED9-F267D7A0AEE2}"
EndProject
Project("{2150E333-8FDC-42A3-9474-1A3956D46DE8}") = "SocketServer", "SocketServer", "{05C35021-F548-4703-81FE-688A51586065}"
EndProject
Project("{FAE04EC0-301F-11D3-BF4B-00C04F79EFBC}") = "Pansoft.SocketServerImplementations", "Application\SocketServer\Pansoft.SocketServerImplementations\Pansoft.SocketServerImplementations.csproj", "{DD43ADF3-3AB6-470C-B0B2-EA14E65AC22C}"
EndProject
Project("{FAE04EC0-301F-11D3-BF4B-00C04F79EFBC}") = "Pansoft.SocketServerInterfaces", "Application\SocketServer\Pansoft.SocketServerInterfaces\Pansoft.SocketServerInterfaces.csproj", "{86749CAE-656D-4085-85CA-26639CE932AC}"
EndProject
Project("{FAE04EC0-301F-11D3-BF4B-00C04F79EFBC}") = "ETMASS", "Application\SocketServer\ETMASS\ETMASS.csproj", "{0F1812FA-F471-4C6E-AD65-8F3A0AC4E185}"
EndProject
Project("{2150E333-8FDC-42A3-9474-1A3956D46DE8}") = ".Library(第三方类库)", ".Library(第三方类库)", "{F56F49AE-ED51-4C61-BB6A-A0502A35A9BD}"
EndProject
Project("{2150E333-8FDC-42A3-9474-1A3956D46DE8}") = "Device(设备)", "Device(设备)", "{DA10FBF4-8560-44AB-A2D9-E0FA9262EA68}"
EndProject
Project("{2150E333-8FDC-42A3-9474-1A3956D46DE8}") = "Lcd(显示屏)", "Lcd(显示屏)", "{91040BDE-5ABE-456B-8AD6-DAD8F0DB23A6}"
EndProject
Project("{2150E333-8FDC-42A3-9474-1A3956D46DE8}") = "Printer(打印机)", "Printer(打印机)", "{8DFEC3E2-8691-4E1F-85E5-8CC48A19B4E8}"
EndProject
Project("{2150E333-8FDC-42A3-9474-1A3956D46DE8}") = "ClientScreen(用户界面-触摸屏)", "ClientScreen(用户界面-触摸屏)", "{647A9B9E-BA82-4BAA-9838-D624026D42CC}"
EndProject
Project("{2150E333-8FDC-42A3-9474-1A3956D46DE8}") = "Speech(语音设备)", "Speech(语音设备)", "{69C50233-C1B4-46EA-B3C3-EE27CE54152C}"
EndProject
Project("{FAE04EC0-301F-11D3-BF4B-00C04F79EFBC}") = "Pansoft.Common.Interface", "Pansoft.Common.Interface\Pansoft.Common.Interface.csproj", "{72C91A26-2EB1-4A31-AE65-C2FD211C11AD}"
EndProject
Project("{2150E333-8FDC-42A3-9474-1A3956D46DE8}") = "Evaluator(评价器)", "Evaluator(评价器)", "{6E6D601E-2AAC-4C2A-961A-697E2A0FDDEC}"
EndProject
Project("{2150E333-8FDC-42A3-9474-1A3956D46DE8}") = "Operator(呼叫器,操作器)", "Operator(呼叫器,操作器)", "{BC0D351F-F4CA-4E8D-A460-5D10FD8FFBA9}"
EndProject
Project("{2150E333-8FDC-42A3-9474-1A3956D46DE8}") = "Common(平安公司类库)", "Common(平安公司类库)", "{F96B5DD5-8C05-44CE-8086-1731D1728B76}"
EndProject
Project("{FAE04EC0-301F-11D3-BF4B-00C04F79EFBC}") = "Pansoft.Common", "Pansoft.Common\Pansoft.Common.csproj", "{28B65024-665F-4294-8B36-59CB56CB90D9}"
EndProject
Project("{FAE04EC0-301F-11D3-BF4B-00C04F79EFBC}") = "Pansoft.Common.IO.Ports", "Pansoft.Common.IO.Ports\Pansoft.Common.IO.Ports.csproj", "{8CA655CB-4E42-47C8-9016-01916F931444}"
EndProject
Project("{FAE04EC0-301F-11D3-BF4B-00C04F79EFBC}") = "Pansoft.QueuePresenter", "Pansoft.QueuePresenter\Pansoft.QueuePresenter.csproj", "{A62E4869-644D-4FA0-ABC9-0D8A5646687B}"
EndProject
Project("{FAE04EC0-301F-11D3-BF4B-00C04F79EFBC}") = "Pansoft.QueueWinForms.LoggerForm", "Pansoft.QueueWinForms.LoggerForm\Pansoft.QueueWinForms.LoggerForm.csproj", "{E0EDE4A2-307F-41F1-99CB-589049AB74AA}"
EndProject
Project("{FAE04EC0-301F-11D3-BF4B-00C04F79EFBC}") = "Pansoft.QueueWinForms", "Pansoft.QueueWinForms\Pansoft.QueueWinForms.csproj", "{269E60A1-8868-4A0D-B61D-784D93547040}"
EndProject
Project("{2150E333-8FDC-42A3-9474-1A3956D46DE8}") = "Views.WinForms", "Views.WinForms", "{447DD554-95A6-4CB8-88E1-EC8698804DE4}"
EndProject
Project("{FAE04EC0-301F-11D3-BF4B-00C04F79EFBC}") = "Pansoft.QueueWinForms.SolutionsForm", "Pansoft.QueueWinForms.SolutionsForm\Pansoft.QueueWinForms.SolutionsForm.csproj", "{CEFB3E60-2B47-49BA-B3BB-6BBAC03E090F}"
EndProject
Project("{FAE04EC0-301F-11D3-BF4B-00C04F79EFBC}") = "JH.CommBase", "JH.CommBase\JH.CommBase.csproj", "{057B0D07-B846-4E49-B787-2D67EA575D55}"
EndProject
Project("{2150E333-8FDC-42A3-9474-1A3956D46DE8}") = "CommProtocol(通讯协议)", "CommProtocol(通讯协议)", "{20C17E4C-44D5-48EF-AB0C-9116D7279CA9}"
EndProject
Project("{2150E333-8FDC-42A3-9474-1A3956D46DE8}") = "协议说明书", "协议说明书", "{20F21666-EFAB-4139-AA4E-08AD54F21AD6}"
	ProjectSection(SolutionItems) = preProject
		Documents\取号程序通讯协议v2.doc = Documents\取号程序通讯协议v2.doc
	EndProjectSection
EndProject
Project("{FAE04EC0-301F-11D3-BF4B-00C04F79EFBC}") = "Pansoft.QueueWinForms.OptionForm", "Pansoft.QueueWinForms.OptionForm\Pansoft.QueueWinForms.OptionForm.csproj", "{544BBEF3-24DD-422B-9683-8308E122548B}"
EndProject
Project("{FAE04EC0-301F-11D3-BF4B-00C04F79EFBC}") = "Pansoft.QueueCommProtocolImplementations", "Pansoft.QueueCommProtocolImplementations\Pansoft.QueueCommProtocolImplementations.csproj", "{90E84AD7-FB11-484F-A137-6A95200A663E}"
EndProject
Project("{FAE04EC0-301F-11D3-BF4B-00C04F79EFBC}") = "Pansoft.QueueCommProtocolInterfaces", "Pansoft.QueueCommProtocolInterfaces\Pansoft.QueueCommProtocolInterfaces.csproj", "{3D42F530-74F2-4089-A35B-3840737212D3}"
EndProject
Project("{2150E333-8FDC-42A3-9474-1A3956D46DE8}") = "QueueListServer", "QueueListServer", "{8B41A6E6-AAB7-471B-BF89-B7ACCD5B35D1}"
EndProject
Project("{FAE04EC0-301F-11D3-BF4B-00C04F79EFBC}") = "Pansoft.QueueListInterfaces", "Pansoft.QueueListInterfaces\Pansoft.QueueListInterfaces.csproj", "{F10273C6-74CF-4EBD-8639-287333DFDEDF}"
EndProject
Project("{FAE04EC0-301F-11D3-BF4B-00C04F79EFBC}") = "Pansoft.QueueListImplementations", "Pansoft.QueueListImplementations\Pansoft.QueueListImplementations.csproj", "{08308566-83DD-427E-A62B-C3CBBCACD51C}"
EndProject
Global
	GlobalSection(SubversionScc) = preSolution
		Svn-Managed = True
		Manager = AnkhSVN - Subversion Support for Visual Studio
	EndGlobalSection
	GlobalSection(SolutionConfigurationPlatforms) = preSolution
		Debug|Any CPU = Debug|Any CPU
		Release|Any CPU = Release|Any CPU
	EndGlobalSection
	GlobalSection(ProjectConfigurationPlatforms) = postSolution
		{CD374FAE-E0FD-46A3-A1B6-8E72261D4E8A}.Debug|Any CPU.ActiveCfg = Debug|Any CPU
		{CD374FAE-E0FD-46A3-A1B6-8E72261D4E8A}.Debug|Any CPU.Build.0 = Debug|Any CPU
		{CD374FAE-E0FD-46A3-A1B6-8E72261D4E8A}.Release|Any CPU.ActiveCfg = Release|Any CPU
		{CD374FAE-E0FD-46A3-A1B6-8E72261D4E8A}.Release|Any CPU.Build.0 = Release|Any CPU
		{2B8F5F9F-9F37-47B8-8ED9-F267D7A0AEE2}.Debug|Any CPU.ActiveCfg = Debug|Any CPU
		{2B8F5F9F-9F37-47B8-8ED9-F267D7A0AEE2}.Debug|Any CPU.Build.0 = Debug|Any CPU
		{2B8F5F9F-9F37-47B8-8ED9-F267D7A0AEE2}.Release|Any CPU.ActiveCfg = Release|Any CPU
		{2B8F5F9F-9F37-47B8-8ED9-F267D7A0AEE2}.Release|Any CPU.Build.0 = Release|Any CPU
		{DD43ADF3-3AB6-470C-B0B2-EA14E65AC22C}.Debug|Any CPU.ActiveCfg = Debug|Any CPU
		{DD43ADF3-3AB6-470C-B0B2-EA14E65AC22C}.Debug|Any CPU.Build.0 = Debug|Any CPU
		{DD43ADF3-3AB6-470C-B0B2-EA14E65AC22C}.Release|Any CPU.ActiveCfg = Release|Any CPU
		{DD43ADF3-3AB6-470C-B0B2-EA14E65AC22C}.Release|Any CPU.Build.0 = Release|Any CPU
		{86749CAE-656D-4085-85CA-26639CE932AC}.Debug|Any CPU.ActiveCfg = Debug|Any CPU
		{86749CAE-656D-4085-85CA-26639CE932AC}.Debug|Any CPU.Build.0 = Debug|Any CPU
		{86749CAE-656D-4085-85CA-26639CE932AC}.Release|Any CPU.ActiveCfg = Release|Any CPU
		{86749CAE-656D-4085-85CA-26639CE932AC}.Release|Any CPU.Build.0 = Release|Any CPU
		{0F1812FA-F471-4C6E-AD65-8F3A0AC4E185}.Debug|Any CPU.ActiveCfg = Debug|Any CPU
		{0F1812FA-F471-4C6E-AD65-8F3A0AC4E185}.Debug|Any CPU.Build.0 = Debug|Any CPU
		{0F1812FA-F471-4C6E-AD65-8F3A0AC4E185}.Release|Any CPU.ActiveCfg = Release|Any CPU
		{0F1812FA-F471-4C6E-AD65-8F3A0AC4E185}.Release|Any CPU.Build.0 = Release|Any CPU
		{72C91A26-2EB1-4A31-AE65-C2FD211C11AD}.Debug|Any CPU.ActiveCfg = Debug|Any CPU
		{72C91A26-2EB1-4A31-AE65-C2FD211C11AD}.Debug|Any CPU.Build.0 = Debug|Any CPU
		{72C91A26-2EB1-4A31-AE65-C2FD211C11AD}.Release|Any CPU.ActiveCfg = Release|Any CPU
		{72C91A26-2EB1-4A31-AE65-C2FD211C11AD}.Release|Any CPU.Build.0 = Release|Any CPU
		{28B65024-665F-4294-8B36-59CB56CB90D9}.Debug|Any CPU.ActiveCfg = Debug|Any CPU
		{28B65024-665F-4294-8B36-59CB56CB90D9}.Debug|Any CPU.Build.0 = Debug|Any CPU
		{28B65024-665F-4294-8B36-59CB56CB90D9}.Release|Any CPU.ActiveCfg = Release|Any CPU
		{28B65024-665F-4294-8B36-59CB56CB90D9}.Release|Any CPU.Build.0 = Release|Any CPU
		{8CA655CB-4E42-47C8-9016-01916F931444}.Debug|Any CPU.ActiveCfg = Debug|Any CPU
		{8CA655CB-4E42-47C8-9016-01916F931444}.Debug|Any CPU.Build.0 = Debug|Any CPU
		{8CA655CB-4E42-47C8-9016-01916F931444}.Release|Any CPU.ActiveCfg = Release|Any CPU
		{8CA655CB-4E42-47C8-9016-01916F931444}.Release|Any CPU.Build.0 = Release|Any CPU
		{A62E4869-644D-4FA0-ABC9-0D8A5646687B}.Debug|Any CPU.ActiveCfg = Debug|Any CPU
		{A62E4869-644D-4FA0-ABC9-0D8A5646687B}.Debug|Any CPU.Build.0 = Debug|Any CPU
		{A62E4869-644D-4FA0-ABC9-0D8A5646687B}.Release|Any CPU.ActiveCfg = Release|Any CPU
		{A62E4869-644D-4FA0-ABC9-0D8A5646687B}.Release|Any CPU.Build.0 = Release|Any CPU
		{E0EDE4A2-307F-41F1-99CB-589049AB74AA}.Debug|Any CPU.ActiveCfg = Debug|Any CPU
		{E0EDE4A2-307F-41F1-99CB-589049AB74AA}.Debug|Any CPU.Build.0 = Debug|Any CPU
		{E0EDE4A2-307F-41F1-99CB-589049AB74AA}.Release|Any CPU.ActiveCfg = Release|Any CPU
		{E0EDE4A2-307F-41F1-99CB-589049AB74AA}.Release|Any CPU.Build.0 = Release|Any CPU
		{269E60A1-8868-4A0D-B61D-784D93547040}.Debug|Any CPU.ActiveCfg = Debug|Any CPU
		{269E60A1-8868-4A0D-B61D-784D93547040}.Debug|Any CPU.Build.0 = Debug|Any CPU
		{269E60A1-8868-4A0D-B61D-784D93547040}.Release|Any CPU.ActiveCfg = Release|Any CPU
		{269E60A1-8868-4A0D-B61D-784D93547040}.Release|Any CPU.Build.0 = Release|Any CPU
		{CEFB3E60-2B47-49BA-B3BB-6BBAC03E090F}.Debug|Any CPU.ActiveCfg = Debug|Any CPU
		{CEFB3E60-2B47-49BA-B3BB-6BBAC03E090F}.Debug|Any CPU.Build.0 = Debug|Any CPU
		{CEFB3E60-2B47-49BA-B3BB-6BBAC03E090F}.Release|Any CPU.ActiveCfg = Release|Any CPU
		{CEFB3E60-2B47-49BA-B3BB-6BBAC03E090F}.Release|Any CPU.Build.0 = Release|Any CPU
		{057B0D07-B846-4E49-B787-2D67EA575D55}.Debug|Any CPU.ActiveCfg = Debug|Any CPU
		{057B0D07-B846-4E49-B787-2D67EA575D55}.Debug|Any CPU.Build.0 = Debug|Any CPU
		{057B0D07-B846-4E49-B787-2D67EA575D55}.Release|Any CPU.ActiveCfg = Release|Any CPU
		{057B0D07-B846-4E49-B787-2D67EA575D55}.Release|Any CPU.Build.0 = Release|Any CPU
		{544BBEF3-24DD-422B-9683-8308E122548B}.Debug|Any CPU.ActiveCfg = Debug|Any CPU
		{544BBEF3-24DD-422B-9683-8308E122548B}.Debug|Any CPU.Build.0 = Debug|Any CPU
		{544BBEF3-24DD-422B-9683-8308E122548B}.Release|Any CPU.ActiveCfg = Release|Any CPU
		{544BBEF3-24DD-422B-9683-8308E122548B}.Release|Any CPU.Build.0 = Release|Any CPU
		{90E84AD7-FB11-484F-A137-6A95200A663E}.Debug|Any CPU.ActiveCfg = Debug|Any CPU
		{90E84AD7-FB11-484F-A137-6A95200A663E}.Debug|Any CPU.Build.0 = Debug|Any CPU
		{90E84AD7-FB11-484F-A137-6A95200A663E}.Release|Any CPU.ActiveCfg = Release|Any CPU
		{90E84AD7-FB11-484F-A137-6A95200A663E}.Release|Any CPU.Build.0 = Release|Any CPU
		{3D42F530-74F2-4089-A35B-3840737212D3}.Debug|Any CPU.ActiveCfg = Debug|Any CPU
		{3D42F530-74F2-4089-A35B-3840737212D3}.Debug|Any CPU.Build.0 = Debug|Any CPU
		{3D42F530-74F2-4089-A35B-3840737212D3}.Release|Any CPU.ActiveCfg = Release|Any CPU
		{3D42F530-74F2-4089-A35B-3840737212D3}.Release|Any CPU.Build.0 = Release|Any CPU
		{F10273C6-74CF-4EBD-8639-287333DFDEDF}.Debug|Any CPU.ActiveCfg = Debug|Any CPU
		{F10273C6-74CF-4EBD-8639-287333DFDEDF}.Debug|Any CPU.Build.0 = Debug|Any CPU
		{F10273C6-74CF-4EBD-8639-287333DFDEDF}.Release|Any CPU.ActiveCfg = Release|Any CPU
		{F10273C6-74CF-4EBD-8639-287333DFDEDF}.Release|Any CPU.Build.0 = Release|Any CPU
		{08308566-83DD-427E-A62B-C3CBBCACD51C}.Debug|Any CPU.ActiveCfg = Debug|Any CPU
		{08308566-83DD-427E-A62B-C3CBBCACD51C}.Debug|Any CPU.Build.0 = Debug|Any CPU
		{08308566-83DD-427E-A62B-C3CBBCACD51C}.Release|Any CPU.ActiveCfg = Release|Any CPU
		{08308566-83DD-427E-A62B-C3CBBCACD51C}.Release|Any CPU.Build.0 = Release|Any CPU
	EndGlobalSection
	GlobalSection(SolutionProperties) = preSolution
		HideSolutionNode = FALSE
	EndGlobalSection
	GlobalSection(NestedProjects) = preSolution
		{DD43ADF3-3AB6-470C-B0B2-EA14E65AC22C} = {05C35021-F548-4703-81FE-688A51586065}
		{86749CAE-656D-4085-85CA-26639CE932AC} = {05C35021-F548-4703-81FE-688A51586065}
		{0F1812FA-F471-4C6E-AD65-8F3A0AC4E185} = {F56F49AE-ED51-4C61-BB6A-A0502A35A9BD}
		{057B0D07-B846-4E49-B787-2D67EA575D55} = {F56F49AE-ED51-4C61-BB6A-A0502A35A9BD}
		{91040BDE-5ABE-456B-8AD6-DAD8F0DB23A6} = {DA10FBF4-8560-44AB-A2D9-E0FA9262EA68}
		{8DFEC3E2-8691-4E1F-85E5-8CC48A19B4E8} = {DA10FBF4-8560-44AB-A2D9-E0FA9262EA68}
		{647A9B9E-BA82-4BAA-9838-D624026D42CC} = {DA10FBF4-8560-44AB-A2D9-E0FA9262EA68}
		{69C50233-C1B4-46EA-B3C3-EE27CE54152C} = {DA10FBF4-8560-44AB-A2D9-E0FA9262EA68}
		{6E6D601E-2AAC-4C2A-961A-697E2A0FDDEC} = {DA10FBF4-8560-44AB-A2D9-E0FA9262EA68}
		{BC0D351F-F4CA-4E8D-A460-5D10FD8FFBA9} = {DA10FBF4-8560-44AB-A2D9-E0FA9262EA68}
		{72C91A26-2EB1-4A31-AE65-C2FD211C11AD} = {F96B5DD5-8C05-44CE-8086-1731D1728B76}
		{28B65024-665F-4294-8B36-59CB56CB90D9} = {F96B5DD5-8C05-44CE-8086-1731D1728B76}
		{8CA655CB-4E42-47C8-9016-01916F931444} = {F96B5DD5-8C05-44CE-8086-1731D1728B76}
		{269E60A1-8868-4A0D-B61D-784D93547040} = {447DD554-95A6-4CB8-88E1-EC8698804DE4}
		{E0EDE4A2-307F-41F1-99CB-589049AB74AA} = {447DD554-95A6-4CB8-88E1-EC8698804DE4}
		{CEFB3E60-2B47-49BA-B3BB-6BBAC03E090F} = {447DD554-95A6-4CB8-88E1-EC8698804DE4}
		{544BBEF3-24DD-422B-9683-8308E122548B} = {447DD554-95A6-4CB8-88E1-EC8698804DE4}
		{20F21666-EFAB-4139-AA4E-08AD54F21AD6} = {20C17E4C-44D5-48EF-AB0C-9116D7279CA9}
		{90E84AD7-FB11-484F-A137-6A95200A663E} = {20C17E4C-44D5-48EF-AB0C-9116D7279CA9}
		{3D42F530-74F2-4089-A35B-3840737212D3} = {20C17E4C-44D5-48EF-AB0C-9116D7279CA9}
		{F10273C6-74CF-4EBD-8639-287333DFDEDF} = {8B41A6E6-AAB7-471B-BF89-B7ACCD5B35D1}
		{08308566-83DD-427E-A62B-C3CBBCACD51C} = {8B41A6E6-AAB7-471B-BF89-B7ACCD5B35D1}
	EndGlobalSection
EndGlobal
