
Microsoft Visual Studio Solution File, Format Version 11.00
# Visual Studio 2010
Project("{FAE04EC0-301F-11D3-BF4B-00C04F79EFBC}") = "com.pan.csharp.TicketGetter.OptionService", "com.pan.csharp.TicketGetter.OptionService\com.pan.csharp.TicketGetter.OptionService.csproj", "{D964D954-181B-4AA1-BB9A-92E1975F3B7E}"
EndProject
Global
	GlobalSection(SubversionScc) = preSolution
		Svn-Managed = True
		Manager = AnkhSVN - Subversion Support for Visual Studio
	EndGlobalSection
	GlobalSection(SolutionConfigurationPlatforms) = preSolution
		Debug|Any CPU = Debug|Any CPU
		Release|Any CPU = Release|Any CPU
	EndGlobalSection
	GlobalSection(ProjectConfigurationPlatforms) = postSolution
		{D964D954-181B-4AA1-BB9A-92E1975F3B7E}.Debug|Any CPU.ActiveCfg = Debug|Any CPU
		{D964D954-181B-4AA1-BB9A-92E1975F3B7E}.Debug|Any CPU.Build.0 = Debug|Any CPU
		{D964D954-181B-4AA1-BB9A-92E1975F3B7E}.Release|Any CPU.ActiveCfg = Release|Any CPU
		{D964D954-181B-4AA1-BB9A-92E1975F3B7E}.Release|Any CPU.Build.0 = Release|Any CPU
	EndGlobalSection
	GlobalSection(SolutionProperties) = preSolution
		HideSolutionNode = FALSE
	EndGlobalSection
EndGlobal
