
Microsoft Visual Studio Solution File, Format Version 10.00
# Visual Studio 2008
Project("{FAE04EC0-301F-11D3-BF4B-00C04F79EFBC}") = "PanSoft.ProductMgnt", "PanSoft.ProductMgnt\PanSoft.ProductMgnt.csproj", "{BB287E7C-1202-4D8E-995E-029F7E65CA62}"
EndProject
Project("{FAE04EC0-301F-11D3-BF4B-00C04F79EFBC}") = "Gean", "..\..\GeanSoft\Gean\Gean\Gean.Library\Gean.csproj", "{2B3FF29A-E829-49B2-80C0-2D1BA9724F95}"
EndProject
Project("{FAE04EC0-301F-11D3-BF4B-00C04F79EFBC}") = "Gean.Data", "..\..\GeanSoft\Gean\Gean.Data\Gean.Data.csproj", "{9B822919-06A0-4892-AEAA-F3C876811351}"
EndProject
Project("{FAE04EC0-301F-11D3-BF4B-00C04F79EFBC}") = "Gean.Json3", "..\..\GeanSoft\Gean\Gean.Json3\Gean.Json3.csproj", "{FDFD5FBB-D035-4652-AAD0-500AE9B92A9D}"
EndProject
Global
	GlobalSection(SubversionScc) = preSolution
		Svn-Managed = True
		Manager = AnkhSVN - Subversion Support for Visual Studio
	EndGlobalSection
	GlobalSection(SolutionConfigurationPlatforms) = preSolution
		Debug|Any CPU = Debug|Any CPU
		Release|Any CPU = Release|Any CPU
	EndGlobalSection
	GlobalSection(ProjectConfigurationPlatforms) = postSolution
		{BB287E7C-1202-4D8E-995E-029F7E65CA62}.Debug|Any CPU.ActiveCfg = Debug|Any CPU
		{BB287E7C-1202-4D8E-995E-029F7E65CA62}.Debug|Any CPU.Build.0 = Debug|Any CPU
		{BB287E7C-1202-4D8E-995E-029F7E65CA62}.Release|Any CPU.ActiveCfg = Release|Any CPU
		{BB287E7C-1202-4D8E-995E-029F7E65CA62}.Release|Any CPU.Build.0 = Release|Any CPU
		{2B3FF29A-E829-49B2-80C0-2D1BA9724F95}.Debug|Any CPU.ActiveCfg = Debug|Any CPU
		{2B3FF29A-E829-49B2-80C0-2D1BA9724F95}.Debug|Any CPU.Build.0 = Debug|Any CPU
		{2B3FF29A-E829-49B2-80C0-2D1BA9724F95}.Release|Any CPU.ActiveCfg = Release|Any CPU
		{2B3FF29A-E829-49B2-80C0-2D1BA9724F95}.Release|Any CPU.Build.0 = Release|Any CPU
		{9B822919-06A0-4892-AEAA-F3C876811351}.Debug|Any CPU.ActiveCfg = Debug|Any CPU
		{9B822919-06A0-4892-AEAA-F3C876811351}.Debug|Any CPU.Build.0 = Debug|Any CPU
		{9B822919-06A0-4892-AEAA-F3C876811351}.Release|Any CPU.ActiveCfg = Release|Any CPU
		{9B822919-06A0-4892-AEAA-F3C876811351}.Release|Any CPU.Build.0 = Release|Any CPU
		{FDFD5FBB-D035-4652-AAD0-500AE9B92A9D}.Debug|Any CPU.ActiveCfg = Debug|Any CPU
		{FDFD5FBB-D035-4652-AAD0-500AE9B92A9D}.Debug|Any CPU.Build.0 = Debug|Any CPU
		{FDFD5FBB-D035-4652-AAD0-500AE9B92A9D}.Release|Any CPU.ActiveCfg = Release|Any CPU
		{FDFD5FBB-D035-4652-AAD0-500AE9B92A9D}.Release|Any CPU.Build.0 = Release|Any CPU
	EndGlobalSection
	GlobalSection(SolutionProperties) = preSolution
		HideSolutionNode = FALSE
	EndGlobalSection
EndGlobal
